// !$*UTF8*$!
{
	archiveVersion = 1;
	classes = {
	};
	objectVersion = 77;
	objects = {

/* Begin PBXBuildFile section */
		136298CD2EA16E8F00084846 /* MoneyFeedbackInternal.framework in Frameworks */ = {isa = PBXBuildFile; fileRef = 1385EC722EA0C2AF0038F1A5 /* MoneyFeedbackInternal.framework */; };
		1385EC582EA0C1460038F1A5 /* WidgetKit.framework in Frameworks */ = {isa = PBXBuildFile; fileRef = 1385EC572EA0C1460038F1A5 /* WidgetKit.framework */; };
		1385EC5A2EA0C1460038F1A5 /* SwiftUI.framework in Frameworks */ = {isa = PBXBuildFile; fileRef = 1385EC592EA0C1460038F1A5 /* SwiftUI.framework */; };
		1385EC662EA0C1470038F1A5 /* MoneyFeedbackWidgetExtension.appex in Embed Foundation Extensions */ = {isa = PBXBuildFile; fileRef = 1385EC552EA0C1460038F1A5 /* MoneyFeedbackWidgetExtension.appex */; settings = {ATTRIBUTES = (RemoveHeadersOnCopy, ); }; };
		1385EC852EA0C2AF0038F1A5 /* MoneyFeedbackInternal.framework in Frameworks */ = {isa = PBXBuildFile; fileRef = 1385EC722EA0C2AF0038F1A5 /* MoneyFeedbackInternal.framework */; };
		1385EC872EA0C2AF0038F1A5 /* MoneyFeedbackInternal.framework in Embed Frameworks */ = {isa = PBXBuildFile; fileRef = 1385EC722EA0C2AF0038F1A5 /* MoneyFeedbackInternal.framework */; settings = {ATTRIBUTES = (CodeSignOnCopy, RemoveHeadersOnCopy, ); }; };
		13D9585E2EA085CB00F740FC /* MoneyFeedback.xctestplan in Resources */ = {isa = PBXBuildFile; fileRef = 13D9585D2EA085CB00F740FC /* MoneyFeedback.xctestplan */; };
/* End PBXBuildFile section */

/* Begin PBXContainerItemProxy section */
		1330538A2EA0847900211918 /* PBXContainerItemProxy */ = {
			isa = PBXContainerItemProxy;
			containerPortal = 13750B552EA05FFB00E6673F /* Project object */;
			proxyType = 1;
			remoteGlobalIDString = 13750B5C2EA05FFB00E6673F;
			remoteInfo = MoneyFeedback;
		};
		136298CF2EA16E8F00084846 /* PBXContainerItemProxy */ = {
			isa = PBXContainerItemProxy;
			containerPortal = 13750B552EA05FFB00E6673F /* Project object */;
			proxyType = 1;
			remoteGlobalIDString = 1385EC712EA0C2AF0038F1A5;
			remoteInfo = MoneyFeedbackInternal;
		};
		1385EC632EA0C1470038F1A5 /* PBXContainerItemProxy */ = {
			isa = PBXContainerItemProxy;
			containerPortal = 13750B552EA05FFB00E6673F /* Project object */;
			proxyType = 1;
			remoteGlobalIDString = 1385EC542EA0C1460038F1A5;
			remoteInfo = MoneyFeedbackWidgetExtension;
		};
		1385EC832EA0C2AF0038F1A5 /* PBXContainerItemProxy */ = {
			isa = PBXContainerItemProxy;
			containerPortal = 13750B552EA05FFB00E6673F /* Project object */;
			proxyType = 1;
			remoteGlobalIDString = 1385EC712EA0C2AF0038F1A5;
			remoteInfo = MoneyFeedbackInternal;
		};
/* End PBXContainerItemProxy section */

/* Begin PBXCopyFilesBuildPhase section */
		1385EC652EA0C1470038F1A5 /* Embed Foundation Extensions */ = {
			isa = PBXCopyFilesBuildPhase;
			buildActionMask = 2147483647;
			dstPath = "";
			dstSubfolderSpec = 13;
			files = (
				1385EC662EA0C1470038F1A5 /* MoneyFeedbackWidgetExtension.appex in Embed Foundation Extensions */,
			);
			name = "Embed Foundation Extensions";
			runOnlyForDeploymentPostprocessing = 0;
		};
		1385EC862EA0C2AF0038F1A5 /* Embed Frameworks */ = {
			isa = PBXCopyFilesBuildPhase;
			buildActionMask = 2147483647;
			dstPath = "";
			dstSubfolderSpec = 10;
			files = (
				1385EC872EA0C2AF0038F1A5 /* MoneyFeedbackInternal.framework in Embed Frameworks */,
			);
			name = "Embed Frameworks";
			runOnlyForDeploymentPostprocessing = 0;
		};
/* End PBXCopyFilesBuildPhase section */

/* Begin PBXFileReference section */
		133053862EA0847900211918 /* MoneyFeedbackTests.xctest */ = {isa = PBXFileReference; explicitFileType = wrapper.cfbundle; includeInIndex = 0; path = MoneyFeedbackTests.xctest; sourceTree = BUILT_PRODUCTS_DIR; };
		13750B5D2EA05FFB00E6673F /* MoneyFeedback.app */ = {isa = PBXFileReference; explicitFileType = wrapper.application; includeInIndex = 0; path = MoneyFeedback.app; sourceTree = BUILT_PRODUCTS_DIR; };
		1385EC552EA0C1460038F1A5 /* MoneyFeedbackWidgetExtension.appex */ = {isa = PBXFileReference; explicitFileType = "wrapper.app-extension"; includeInIndex = 0; path = MoneyFeedbackWidgetExtension.appex; sourceTree = BUILT_PRODUCTS_DIR; };
		1385EC572EA0C1460038F1A5 /* WidgetKit.framework */ = {isa = PBXFileReference; lastKnownFileType = wrapper.framework; name = WidgetKit.framework; path = System/Library/Frameworks/WidgetKit.framework; sourceTree = SDKROOT; };
		1385EC592EA0C1460038F1A5 /* SwiftUI.framework */ = {isa = PBXFileReference; lastKnownFileType = wrapper.framework; name = SwiftUI.framework; path = System/Library/Frameworks/SwiftUI.framework; sourceTree = SDKROOT; };
		1385EC722EA0C2AF0038F1A5 /* MoneyFeedbackInternal.framework */ = {isa = PBXFileReference; explicitFileType = wrapper.framework; includeInIndex = 0; path = MoneyFeedbackInternal.framework; sourceTree = BUILT_PRODUCTS_DIR; };
		13D9585D2EA085CB00F740FC /* MoneyFeedback.xctestplan */ = {isa = PBXFileReference; lastKnownFileType = text; path = MoneyFeedback.xctestplan; sourceTree = "<group>"; };
/* End PBXFileReference section */

/* Begin PBXFileSystemSynchronizedBuildFileExceptionSet section */
		1385EC692EA0C1470038F1A5 /* Exceptions for "MoneyFeedbackWidget" folder in "MoneyFeedbackWidgetExtension" target */ = {
			isa = PBXFileSystemSynchronizedBuildFileExceptionSet;
			membershipExceptions = (
				Info.plist,
			);
			target = 1385EC542EA0C1460038F1A5 /* MoneyFeedbackWidgetExtension */;
		};
/* End PBXFileSystemSynchronizedBuildFileExceptionSet section */

/* Begin PBXFileSystemSynchronizedRootGroup section */
		133053872EA0847900211918 /* MoneyFeedbackTests */ = {
			isa = PBXFileSystemSynchronizedRootGroup;
			path = MoneyFeedbackTests;
			sourceTree = "<group>";
		};
		13750B5F2EA05FFB00E6673F /* MoneyFeedback */ = {
			isa = PBXFileSystemSynchronizedRootGroup;
			path = MoneyFeedback;
			sourceTree = "<group>";
		};
		1385EC5B2EA0C1460038F1A5 /* MoneyFeedbackWidget */ = {
			isa = PBXFileSystemSynchronizedRootGroup;
			exceptions = (
				1385EC692EA0C1470038F1A5 /* Exceptions for "MoneyFeedbackWidget" folder in "MoneyFeedbackWidgetExtension" target */,
			);
			path = MoneyFeedbackWidget;
			sourceTree = "<group>";
		};
		1385EC732EA0C2AF0038F1A5 /* MoneyFeedbackInternal */ = {
			isa = PBXFileSystemSynchronizedRootGroup;
			path = MoneyFeedbackInternal;
			sourceTree = "<group>";
		};
		13D1C9BC2EA0614800C65B09 /* Configurations */ = {
			isa = PBXFileSystemSynchronizedRootGroup;
			path = Configurations;
			sourceTree = "<group>";
		};
		13D1C9C82EA0659F00C65B09 /* .github */ = {
			isa = PBXFileSystemSynchronizedRootGroup;
			path = .github;
			sourceTree = "<group>";
		};
/* End PBXFileSystemSynchronizedRootGroup section */

/* Begin PBXFrameworksBuildPhase section */
		133053832EA0847900211918 /* Frameworks */ = {
			isa = PBXFrameworksBuildPhase;
			buildActionMask = 2147483647;
			files = (
			);
			runOnlyForDeploymentPostprocessing = 0;
		};
		13750B5A2EA05FFB00E6673F /* Frameworks */ = {
			isa = PBXFrameworksBuildPhase;
			buildActionMask = 2147483647;
			files = (
				1385EC852EA0C2AF0038F1A5 /* MoneyFeedbackInternal.framework in Frameworks */,
			);
			runOnlyForDeploymentPostprocessing = 0;
		};
		1385EC522EA0C1460038F1A5 /* Frameworks */ = {
			isa = PBXFrameworksBuildPhase;
			buildActionMask = 2147483647;
			files = (
				136298CD2EA16E8F00084846 /* MoneyFeedbackInternal.framework in Frameworks */,
				1385EC5A2EA0C1460038F1A5 /* SwiftUI.framework in Frameworks */,
				1385EC582EA0C1460038F1A5 /* WidgetKit.framework in Frameworks */,
			);
			runOnlyForDeploymentPostprocessing = 0;
		};
		1385EC6F2EA0C2AF0038F1A5 /* Frameworks */ = {
			isa = PBXFrameworksBuildPhase;
			buildActionMask = 2147483647;
			files = (
			);
			runOnlyForDeploymentPostprocessing = 0;
		};
/* End PBXFrameworksBuildPhase section */

/* Begin PBXGroup section */
		13750B542EA05FFB00E6673F = {
			isa = PBXGroup;
			children = (
				13D9585D2EA085CB00F740FC /* MoneyFeedback.xctestplan */,
				13D1C9C82EA0659F00C65B09 /* .github */,
				13D1C9BC2EA0614800C65B09 /* Configurations */,
				13750B5F2EA05FFB00E6673F /* MoneyFeedback */,
				133053872EA0847900211918 /* MoneyFeedbackTests */,
				1385EC5B2EA0C1460038F1A5 /* MoneyFeedbackWidget */,
				1385EC732EA0C2AF0038F1A5 /* MoneyFeedbackInternal */,
				1385EC562EA0C1460038F1A5 /* Frameworks */,
				13750B5E2EA05FFB00E6673F /* Products */,
			);
			sourceTree = "<group>";
		};
		13750B5E2EA05FFB00E6673F /* Products */ = {
			isa = PBXGroup;
			children = (
				13750B5D2EA05FFB00E6673F /* MoneyFeedback.app */,
				133053862EA0847900211918 /* MoneyFeedbackTests.xctest */,
				1385EC552EA0C1460038F1A5 /* MoneyFeedbackWidgetExtension.appex */,
				1385EC722EA0C2AF0038F1A5 /* MoneyFeedbackInternal.framework */,
			);
			name = Products;
			sourceTree = "<group>";
		};
		1385EC562EA0C1460038F1A5 /* Frameworks */ = {
			isa = PBXGroup;
			children = (
				1385EC572EA0C1460038F1A5 /* WidgetKit.framework */,
				1385EC592EA0C1460038F1A5 /* SwiftUI.framework */,
			);
			name = Frameworks;
			sourceTree = "<group>";
		};
/* End PBXGroup section */

/* Begin PBXHeadersBuildPhase section */
		1385EC6D2EA0C2AF0038F1A5 /* Headers */ = {
			isa = PBXHeadersBuildPhase;
			buildActionMask = 2147483647;
			files = (
			);
			runOnlyForDeploymentPostprocessing = 0;
		};
/* End PBXHeadersBuildPhase section */

/* Begin PBXNativeTarget section */
		133053852EA0847900211918 /* MoneyFeedbackTests */ = {
			isa = PBXNativeTarget;
			buildConfigurationList = 1330538C2EA0847900211918 /* Build configuration list for PBXNativeTarget "MoneyFeedbackTests" */;
			buildPhases = (
				133053822EA0847900211918 /* Sources */,
				133053832EA0847900211918 /* Frameworks */,
				133053842EA0847900211918 /* Resources */,
			);
			buildRules = (
			);
			dependencies = (
				1330538B2EA0847900211918 /* PBXTargetDependency */,
			);
			fileSystemSynchronizedGroups = (
				133053872EA0847900211918 /* MoneyFeedbackTests */,
			);
			name = MoneyFeedbackTests;
			packageProductDependencies = (
			);
			productName = MoneyFeedbackTests;
			productReference = 133053862EA0847900211918 /* MoneyFeedbackTests.xctest */;
			productType = "com.apple.product-type.bundle.unit-test";
		};
		13750B5C2EA05FFB00E6673F /* MoneyFeedback */ = {
			isa = PBXNativeTarget;
			buildConfigurationList = 13750B682EA05FFD00E6673F /* Build configuration list for PBXNativeTarget "MoneyFeedback" */;
			buildPhases = (
				13750B592EA05FFB00E6673F /* Sources */,
				13750B5A2EA05FFB00E6673F /* Frameworks */,
				13750B5B2EA05FFB00E6673F /* Resources */,
				1385EC652EA0C1470038F1A5 /* Embed Foundation Extensions */,
				1385EC862EA0C2AF0038F1A5 /* Embed Frameworks */,
			);
			buildRules = (
			);
			dependencies = (
				1385EC642EA0C1470038F1A5 /* PBXTargetDependency */,
				1385EC842EA0C2AF0038F1A5 /* PBXTargetDependency */,
			);
			fileSystemSynchronizedGroups = (
				13750B5F2EA05FFB00E6673F /* MoneyFeedback */,
				13D1C9BC2EA0614800C65B09 /* Configurations */,
				13D1C9C82EA0659F00C65B09 /* .github */,
			);
			name = MoneyFeedback;
			packageProductDependencies = (
			);
			productName = MoneyFeedback;
			productReference = 13750B5D2EA05FFB00E6673F /* MoneyFeedback.app */;
			productType = "com.apple.product-type.application";
		};
		1385EC542EA0C1460038F1A5 /* MoneyFeedbackWidgetExtension */ = {
			isa = PBXNativeTarget;
			buildConfigurationList = 1385EC6A2EA0C1470038F1A5 /* Build configuration list for PBXNativeTarget "MoneyFeedbackWidgetExtension" */;
			buildPhases = (
				1385EC512EA0C1460038F1A5 /* Sources */,
				1385EC522EA0C1460038F1A5 /* Frameworks */,
				1385EC532EA0C1460038F1A5 /* Resources */,
			);
			buildRules = (
			);
			dependencies = (
				136298D02EA16E8F00084846 /* PBXTargetDependency */,
			);
			fileSystemSynchronizedGroups = (
				1385EC5B2EA0C1460038F1A5 /* MoneyFeedbackWidget */,
			);
			name = MoneyFeedbackWidgetExtension;
			packageProductDependencies = (
			);
			productName = MoneyFeedbackWidgetExtension;
			productReference = 1385EC552EA0C1460038F1A5 /* MoneyFeedbackWidgetExtension.appex */;
			productType = "com.apple.product-type.app-extension";
		};
		1385EC712EA0C2AF0038F1A5 /* MoneyFeedbackInternal */ = {
			isa = PBXNativeTarget;
			buildConfigurationList = 1385EC882EA0C2AF0038F1A5 /* Build configuration list for PBXNativeTarget "MoneyFeedbackInternal" */;
			buildPhases = (
				1385EC6D2EA0C2AF0038F1A5 /* Headers */,
				1385EC6E2EA0C2AF0038F1A5 /* Sources */,
				1385EC6F2EA0C2AF0038F1A5 /* Frameworks */,
				1385EC702EA0C2AF0038F1A5 /* Resources */,
			);
			buildRules = (
			);
			dependencies = (
			);
			fileSystemSynchronizedGroups = (
				1385EC732EA0C2AF0038F1A5 /* MoneyFeedbackInternal */,
			);
			name = MoneyFeedbackInternal;
			packageProductDependencies = (
			);
			productName = MoneyFeedbackInternal;
			productReference = 1385EC722EA0C2AF0038F1A5 /* MoneyFeedbackInternal.framework */;
			productType = "com.apple.product-type.framework";
		};
/* End PBXNativeTarget section */

/* Begin PBXProject section */
		13750B552EA05FFB00E6673F /* Project object */ = {
			isa = PBXProject;
			attributes = {
				BuildIndependentTargetsInParallel = 1;
				LastSwiftUpdateCheck = 2630;
				LastUpgradeCheck = 2630;
				TargetAttributes = {
					133053852EA0847900211918 = {
						CreatedOnToolsVersion = 26.1;
						TestTargetID = 13750B5C2EA05FFB00E6673F;
					};
					13750B5C2EA05FFB00E6673F = {
						CreatedOnToolsVersion = 26.3;
					};
					1385EC542EA0C1460038F1A5 = {
						CreatedOnToolsVersion = 26.3;
					};
					1385EC712EA0C2AF0038F1A5 = {
						CreatedOnToolsVersion = 26.3;
					};
				};
			};
			buildConfigurationList = 13750B582EA05FFB00E6673F /* Build configuration list for PBXProject "MoneyFeedback" */;
			developmentRegion = en;
			hasScannedForEncodings = 0;
			knownRegions = (
				en,
				Base,
			);
			mainGroup = 13750B542EA05FFB00E6673F;
			minimizedProjectReferenceProxies = 1;
			preferredProjectObjectVersion = 77;
			productRefGroup = 13750B5E2EA05FFB00E6673F /* Products */;
			projectDirPath = "";
			projectRoot = "";
			targets = (
				13750B5C2EA05FFB00E6673F /* MoneyFeedback */,
				133053852EA0847900211918 /* MoneyFeedbackTests */,
				1385EC542EA0C1460038F1A5 /* MoneyFeedbackWidgetExtension */,
				1385EC712EA0C2AF0038F1A5 /* MoneyFeedbackInternal */,
			);
		};
/* End PBXProject section */

/* Begin PBXResourcesBuildPhase section */
		133053842EA0847900211918 /* Resources */ = {
			isa = PBXResourcesBuildPhase;
			buildActionMask = 2147483647;
			files = (
			);
			runOnlyForDeploymentPostprocessing = 0;
		};
		13750B5B2EA05FFB00E6673F /* Resources */ = {
			isa = PBXResourcesBuildPhase;
			buildActionMask = 2147483647;
			files = (
				13D9585E2EA085CB00F740FC /* MoneyFeedback.xctestplan in Resources */,
			);
			runOnlyForDeploymentPostprocessing = 0;
		};
		1385EC532EA0C1460038F1A5 /* Resources */ = {
			isa = PBXResourcesBuildPhase;
			buildActionMask = 2147483647;
			files = (
			);
			runOnlyForDeploymentPostprocessing = 0;
		};
		1385EC702EA0C2AF0038F1A5 /* Resources */ = {
			isa = PBXResourcesBuildPhase;
			buildActionMask = 2147483647;
			files = (
			);
			runOnlyForDeploymentPostprocessing = 0;
		};
/* End PBXResourcesBuildPhase section */

/* Begin PBXSourcesBuildPhase section */
		133053822EA0847900211918 /* Sources */ = {
			isa = PBXSourcesBuildPhase;
			buildActionMask = 2147483647;
			files = (
			);
			runOnlyForDeploymentPostprocessing = 0;
		};
		13750B592EA05FFB00E6673F /* Sources */ = {
			isa = PBXSourcesBuildPhase;
			buildActionMask = 2147483647;
			files = (
			);
			runOnlyForDeploymentPostprocessing = 0;
		};
		1385EC512EA0C1460038F1A5 /* Sources */ = {
			isa = PBXSourcesBuildPhase;
			buildActionMask = 2147483647;
			files = (
			);
			runOnlyForDeploymentPostprocessing = 0;
		};
		1385EC6E2EA0C2AF0038F1A5 /* Sources */ = {
			isa = PBXSourcesBuildPhase;
			buildActionMask = 2147483647;
			files = (
			);
			runOnlyForDeploymentPostprocessing = 0;
		};
/* End PBXSourcesBuildPhase section */

/* Begin PBXTargetDependency section */
		1330538B2EA0847900211918 /* PBXTargetDependency */ = {
			isa = PBXTargetDependency;
			target = 13750B5C2EA05FFB00E6673F /* MoneyFeedback */;
			targetProxy = 1330538A2EA0847900211918 /* PBXContainerItemProxy */;
		};
		136298D02EA16E8F00084846 /* PBXTargetDependency */ = {
			isa = PBXTargetDependency;
			target = 1385EC712EA0C2AF0038F1A5 /* MoneyFeedbackInternal */;
			targetProxy = 136298CF2EA16E8F00084846 /* PBXContainerItemProxy */;
		};
		1385EC642EA0C1470038F1A5 /* PBXTargetDependency */ = {
			isa = PBXTargetDependency;
			target = 1385EC542EA0C1460038F1A5 /* MoneyFeedbackWidgetExtension */;
			targetProxy = 1385EC632EA0C1470038F1A5 /* PBXContainerItemProxy */;
		};
		1385EC842EA0C2AF0038F1A5 /* PBXTargetDependency */ = {
			isa = PBXTargetDependency;
			target = 1385EC712EA0C2AF0038F1A5 /* MoneyFeedbackInternal */;
			targetProxy = 1385EC832EA0C2AF0038F1A5 /* PBXContainerItemProxy */;
		};
/* End PBXTargetDependency section */

/* Begin XCBuildConfiguration section */
		1330538D2EA0847900211918 /* Debug */ = {
			isa = XCBuildConfiguration;
			baseConfigurationReferenceAnchor = 133053872EA0847900211918 /* MoneyFeedbackTests */;
			baseConfigurationReferenceRelativePath = MoneyFeedbackTests.xcconfig;
			buildSettings = {
			};
			name = Debug;
		};
		1330538E2EA0847900211918 /* Release */ = {
			isa = XCBuildConfiguration;
			baseConfigurationReferenceAnchor = 133053872EA0847900211918 /* MoneyFeedbackTests */;
			baseConfigurationReferenceRelativePath = MoneyFeedbackTests.xcconfig;
			buildSettings = {
			};
			name = Release;
		};
		13750B662EA05FFD00E6673F /* Debug */ = {
			isa = XCBuildConfiguration;
			baseConfigurationReferenceAnchor = 13D1C9BC2EA0614800C65B09 /* Configurations */;
			baseConfigurationReferenceRelativePath = Debug.xcconfig;
			buildSettings = {
				DEVELOPMENT_TEAM = VG2YYSKSHY;
			};
			name = Debug;
		};
		13750B672EA05FFD00E6673F /* Release */ = {
			isa = XCBuildConfiguration;
			baseConfigurationReferenceAnchor = 13D1C9BC2EA0614800C65B09 /* Configurations */;
			baseConfigurationReferenceRelativePath = Release.xcconfig;
			buildSettings = {
				DEVELOPMENT_TEAM = VG2YYSKSHY;
			};
			name = Release;
		};
		13750B692EA05FFD00E6673F /* Debug */ = {
			isa = XCBuildConfiguration;
			baseConfigurationReferenceAnchor = 13750B5F2EA05FFB00E6673F /* MoneyFeedback */;
			baseConfigurationReferenceRelativePath = MoneyFeedback.xcconfig;
			buildSettings = {
			};
			name = Debug;
		};
		13750B6A2EA05FFD00E6673F /* Release */ = {
			isa = XCBuildConfiguration;
			baseConfigurationReferenceAnchor = 13750B5F2EA05FFB00E6673F /* MoneyFeedback */;
			baseConfigurationReferenceRelativePath = MoneyFeedback.xcconfig;
			buildSettings = {
			};
			name = Release;
		};
		1385EC672EA0C1470038F1A5 /* Debug */ = {
			isa = XCBuildConfiguration;
			baseConfigurationReferenceAnchor = 1385EC5B2EA0C1460038F1A5 /* MoneyFeedbackWidget */;
			baseConfigurationReferenceRelativePath = MoneyFeedbackWidget.xcconfig;
			buildSettings = {
			};
			name = Debug;
		};
		1385EC682EA0C1470038F1A5 /* Release */ = {
			isa = XCBuildConfiguration;
			baseConfigurationReferenceAnchor = 1385EC5B2EA0C1460038F1A5 /* MoneyFeedbackWidget */;
			baseConfigurationReferenceRelativePath = MoneyFeedbackWidget.xcconfig;
			buildSettings = {
			};
			name = Release;
		};
		1385EC892EA0C2AF0038F1A5 /* Debug */ = {
			isa = XCBuildConfiguration;
			baseConfigurationReferenceAnchor = 1385EC732EA0C2AF0038F1A5 /* MoneyFeedbackInternal */;
			baseConfigurationReferenceRelativePath = MoneyFeedbackInternal.xcconfig;
			buildSettings = {
			};
			name = Debug;
		};
		1385EC8A2EA0C2AF0038F1A5 /* Release */ = {
			isa = XCBuildConfiguration;
			baseConfigurationReferenceAnchor = 1385EC732EA0C2AF0038F1A5 /* MoneyFeedbackInternal */;
			baseConfigurationReferenceRelativePath = MoneyFeedbackInternal.xcconfig;
			buildSettings = {
			};
			name = Release;
		};
/* End XCBuildConfiguration section */

/* Begin XCConfigurationList section */
		1330538C2EA0847900211918 /* Build configuration list for PBXNativeTarget "MoneyFeedbackTests" */ = {
			isa = XCConfigurationList;
			buildConfigurations = (
				1330538D2EA0847900211918 /* Debug */,
				1330538E2EA0847900211918 /* Release */,
			);
			defaultConfigurationIsVisible = 0;
			defaultConfigurationName = Release;
		};
		13750B582EA05FFB00E6673F /* Build configuration list for PBXProject "MoneyFeedback" */ = {
			isa = XCConfigurationList;
			buildConfigurations = (
				13750B662EA05FFD00E6673F /* Debug */,
				13750B672EA05FFD00E6673F /* Release */,
			);
			defaultConfigurationIsVisible = 0;
			defaultConfigurationName = Release;
		};
		13750B682EA05FFD00E6673F /* Build configuration list for PBXNativeTarget "MoneyFeedback" */ = {
			isa = XCConfigurationList;
			buildConfigurations = (
				13750B692EA05FFD00E6673F /* Debug */,
				13750B6A2EA05FFD00E6673F /* Release */,
			);
			defaultConfigurationIsVisible = 0;
			defaultConfigurationName = Release;
		};
		1385EC6A2EA0C1470038F1A5 /* Build configuration list for PBXNativeTarget "MoneyFeedbackWidgetExtension" */ = {
			isa = XCConfigurationList;
			buildConfigurations = (
				1385EC672EA0C1470038F1A5 /* Debug */,
				1385EC682EA0C1470038F1A5 /* Release */,
			);
			defaultConfigurationIsVisible = 0;
			defaultConfigurationName = Release;
		};
		1385EC882EA0C2AF0038F1A5 /* Build configuration list for PBXNativeTarget "MoneyFeedbackInternal" */ = {
			isa = XCConfigurationList;
			buildConfigurations = (
				1385EC892EA0C2AF0038F1A5 /* Debug */,
				1385EC8A2EA0C2AF0038F1A5 /* Release */,
			);
			defaultConfigurationIsVisible = 0;
			defaultConfigurationName = Release;
		};
/* End XCConfigurationList section */
	};
	rootObject = 13750B552EA05FFB00E6673F /* Project object */;
}
